name: velo-tf
channels:
  - conda-forge
  - defaults
dependencies:
  - _openmp_mutex=4.5=20_gnu
  - anndata=0.10.9=pyhd8ed1ab_0
  - array-api-compat=1.11.2=pyh29332c3_0
  - brotli=1.2.0=hed03a55_1
  - brotli-bin=1.2.0=hb03c661_1
  - bzip2=1.0.8=hda65f42_9
  - c-ares=1.34.6=hb03c661_0
  - ca-certificates=2026.6.17=hbd8a1cb_0
  - cached-property=1.5.2=hd8ed1ab_2
  - cached_property=1.5.2=pyha770c72_2
  - certifi=2025.8.3=pyhd8ed1ab_0
  - colorama=0.4.6=pyhd8ed1ab_1
  - contourpy=1.3.0=py39h74842e3_2
  - cuda-version=11.8=h70ddcb2_3
  - cudatoolkit=11.8.0=h4ba93d1_13
  - cudnn=8.8.0.121=hcdd5f01_5
  - cycler=0.12.1=pyhd8ed1ab_1
  - fonttools=4.59.1=py39heb7d2ae_0
  - freetype=2.14.3=ha770c72_0
  - get-annotations=0.1.2=pyhd8ed1ab_0
  - h5py=3.14.0=nompi_py39h63168ba_100
  - hdf5=1.14.6=nompi_h19486de_110
  - icu=78.3=h33c6efd_0
  - importlib-resources=6.5.2=pyhd8ed1ab_0
  - importlib_resources=6.5.2=pyhd8ed1ab_0
  - joblib=1.5.1=pyhd8ed1ab_0
  - keyutils=1.6.3=hb9d3cd8_0
  - kiwisolver=1.4.7=py39h74842e3_0
  - krb5=1.22.2=hbde042b_1
  - lcms2=2.19.1=h0c24ade_1
  - ld_impl_linux-64=2.45.1=default_hbd61a6d_102
  - legacy-api-wrap=1.4=pyhd8ed1ab_1
  - lerc=4.1.0=hdb68285_0
  - libaec=1.1.5=h088129d_0
  - libblas=3.11.0=8_h4a7cf45_openblas
  - libbrotlicommon=1.2.0=hb03c661_1
  - libbrotlidec=1.2.0=hb03c661_1
  - libbrotlienc=1.2.0=hb03c661_1
  - libcblas=3.11.0=8_h0358290_openblas
  - libcurl=8.21.0=hae6b9f4_2
  - libdeflate=1.25=h17f619e_0
  - libedit=3.1.20250104=pl5321h7949ede_0
  - libev=4.33=hd590300_2
  - libexpat=2.8.1=hecca717_1
  - libffi=3.7.0=h3435931_0
  - libfreetype=2.14.3=ha770c72_0
  - libfreetype6=2.14.3=h73754d4_0
  - libgcc=15.2.0=he0feb66_19
  - libgcc-ng=15.2.0=h69a702a_19
  - libgfortran=15.2.0=h69a702a_19
  - libgfortran-ng=15.2.0=h69a702a_19
  - libgfortran5=15.2.0=h68bc16d_19
  - libgomp=15.2.0=he0feb66_19
  - libhwloc=2.13.0=default_he001693_1000
  - libiconv=1.18=h3b78370_2
  - libjpeg-turbo=3.2.0=hb03c661_0
  - liblapack=3.11.0=8_h47877c9_openblas
  - libllvm14=14.0.6=hcd5def8_4
  - liblzma=5.8.3=hb03c661_0
  - libnghttp2=1.68.1=h877daf1_0
  - libnsl=2.0.1=hb9d3cd8_1
  - libopenblas=0.3.33=pthreads_h94d23a6_0
  - libpng=1.6.58=h421ea60_0
  - libpsl=0.22.0=hd9031aa_0
  - libsqlite=3.53.3=h0c1763c_0
  - libssh2=1.11.1=hcf80075_0
  - libstdcxx=15.2.0=h934c35e_19
  - libstdcxx-ng=15.2.0=hdf11a46_19
  - libtiff=4.7.2=h9d88235_0
  - libuuid=2.42.2=h5347b49_0
  - libwebp-base=1.6.0=hd42ef1d_0
  - libxcb=1.17.0=h8a09558_0
  - libxcrypt=4.4.36=hd590300_1
  - libxml2=2.15.3=h49c6c72_0
  - libxml2-16=2.15.3=hca6bf5a_0
  - libzlib=1.3.2=h25fd6f3_2
  - llvmlite=0.43.0=py39hf8b6b1a_1
  - matplotlib-base=3.9.4=py39h16632d1_0
  - munkres=1.1.4=pyhd8ed1ab_1
  - natsort=8.4.0=pyhcf101f3_2
  - ncurses=6.6=hdb14827_0
  - networkx=3.2.1=pyhd8ed1ab_0
  - numba=0.60.0=py39h0320e7d_0
  - openjpeg=2.5.4=h55fea9a_0
  - openssl=3.6.3=h35e630c_0
  - packaging=26.2=pyhc364b38_0
  - pandas=2.3.1=py39h1b6b32d_0
  - patsy=1.0.1=pyhd8ed1ab_1
  - pillow=11.3.0=py39h15c0740_0
  - pip=25.2=pyh8b19718_0
  - pthread-stubs=0.4=hb9d3cd8_1002
  - pynndescent=0.5.13=pyhd8ed1ab_1
  - pyparsing=3.2.3=pyhe01879c_2
  - python=3.9.23=hc30ae73_0_cpython
  - python-dateutil=2.9.0.post0=pyhe01879c_2
  - python-tzdata=2025.2=pyhd8ed1ab_0
  - python_abi=3.9=8_cp39
  - pytz=2025.2=pyhd8ed1ab_0
  - qhull=2020.2=h434a139_5
  - readline=8.3=h853b02a_0
  - scanpy=1.10.3=pyhd8ed1ab_0
  - scikit-learn=1.6.1=py39h4b7350c_0
  - scipy=1.13.1=py39haf93ffa_0
  - seaborn=0.13.2=hd8ed1ab_3
  - seaborn-base=0.13.2=pyhd8ed1ab_3
  - session-info=1.0.0=pyhd8ed1ab_0
  - setuptools=80.9.0=pyhff2d567_0
  - six=1.17.0=pyhe01879c_1
  - statsmodels=0.14.5=py39h7c0b2d6_0
  - stdlib-list=0.11.1=pyhd8ed1ab_0
  - tbb=2023.0.0=hab88423_2
  - threadpoolctl=3.6.0=pyhecae5ae_0
  - tk=8.6.13=noxft_h366c992_103
  - tqdm=4.67.1=pyhd8ed1ab_1
  - typing_extensions=4.14.1=pyhe01879c_0
  - tzdata=2025c=hc9c84f9_1
  - umap-learn=0.5.9.post2=py39hf3d152e_0
  - unicodedata2=16.0.0=py39h8cd3c5a_0
  - wheel=0.45.1=pyhd8ed1ab_1
  - xorg-libxau=1.0.12=hb03c661_1
  - xorg-libxdmcp=1.1.5=hb03c661_1
  - zipp=3.23.0=pyhd8ed1ab_0
  - zstd=1.5.7=hb78ec9c_6
  - pip:
      - absl-py==2.3.1
      - anyio==4.12.1
      - argon2-cffi==25.1.0
      - argon2-cffi-bindings==25.1.0
      - arrow==1.4.0
      - asttokens==3.0.1
      - astunparse==1.6.3
      - async-lru==2.0.5
      - attrs==26.1.0
      - babel==2.18.0
      - beautifulsoup4==4.15.0
      - bleach==6.2.0
      - cffi==2.0.0
      - charset-normalizer==3.4.9
      - click==8.1.8
      - comm==0.2.3
      - cryptography==45.0.7
      - debugpy==1.8.21
      - decorator==5.3.1
      - defusedxml==0.7.1
      - exceptiongroup==1.2.2
      - executing==2.2.1
      - fastjsonschema==2.21.2
      - flatbuffers==25.12.19
      - fqdn==1.5.1
      - gast==0.4.0
      - google-auth==2.50.0
      - google-auth-oauthlib==1.0.0
      - google-pasta==0.2.0
      - grpcio==1.74.0
      - h11==0.16.0
      - httpcore==1.0.9
      - httpx==0.28.1
      - idna==3.18
      - importlib-metadata==8.7.1
      - iprogress==0.4
      - ipykernel==6.31.0
      - ipython==8.18.1
      - ipywidgets==8.1.8
      - isoduration==20.11.0
      - jedi==0.19.2
      - jinja2==3.1.6
      - json5==0.15.0
      - jsonpointer==3.0.0
      - jsonschema==4.25.1
      - jsonschema-specifications==2025.9.1
      - jupyter==1.1.1
      - jupyter-client==8.6.3
      - jupyter-console==6.6.3
      - jupyter-core==5.8.1
      - jupyter-events==0.12.1
      - jupyter-lsp==2.3.1
      - jupyter-server==2.18.2
      - jupyter-server-terminals==0.5.4
      - jupyterlab==4.5.9
      - jupyterlab-pygments==0.3.0
      - jupyterlab-server==2.28.0
      - jupyterlab-widgets==3.0.16
      - keras==2.13.1
      - lark==1.3.1
      - libclang==18.1.1
      - loompy==3.0.8
      - markdown==3.9
      - markupsafe==3.0.3
      - matplotlib-inline==0.2.2
      - mistune==3.3.3
      - nbclient==0.10.2
      - nbconvert==7.17.1
      - nbformat==5.10.4
      - nest-asyncio==1.6.0
      - notebook==7.5.7
      - notebook-shim==0.2.4
      - numpy==1.24.3
      - numpy-groupies==0.11.3
      - oauthlib==3.3.1
      - opt-einsum==3.4.0
      - overrides==7.7.0
      - pandocfilters==1.5.1
      - parso==0.8.7
      - pexpect==4.9.0
      - platformdirs==4.4.0
      - prometheus-client==0.25.0
      - prompt-toolkit==3.0.52
      - protobuf==4.25.9
      - psutil==7.2.2
      - ptyprocess==0.7.0
      - pure-eval==0.2.3
      - pyasn1==0.6.4
      - pyasn1-modules==0.4.2
      - pycparser==2.23
      - pygments==2.20.0
      - python-json-logger==4.0.0
      - pyyaml==6.0.3
      - pyzmq==27.1.0
      - referencing==0.36.2
      - requests==2.32.5
      - requests-oauthlib==2.0.0
      - rfc3339-validator==0.1.4
      - rfc3986-validator==0.1.1
      - rfc3987-syntax==1.1.0
      - rpds-py==0.27.1
      - scvelo==0.3.4
      - send2trash==2.1.0
      - soupsieve==2.8.4
      - stack-data==0.6.3
      - tensorboard==2.13.0
      - tensorboard-data-server==0.7.2
      - tensorflow==2.13.1
      - tensorflow-estimator==2.13.0
      - tensorflow-io-gcs-filesystem==0.37.1
      - termcolor==3.1.0
      - terminado==0.18.1
      - tinycss2==1.4.0
      - tomli==2.4.1
      - tornado==6.5.7
      - traitlets==5.15.1
      - typing-extensions==4.5.0
      - unitvelo==0.2.5.2
      - uri-template==1.3.0
      - urllib3==2.6.3
      - wcwidth==0.8.2
      - webcolors==24.11.1
      - webencodings==0.5.1
      - websocket-client==1.9.0
      - werkzeug==3.1.8
      - widgetsnbextension==4.0.15
      - wrapt==2.2.2
